{
  "name": "axf",
  "version": "0.0.2",
  "lockfileVersion": 1,
  "requires": true,
  "dependencies": {
    "@fortawesome/fontawesome-free": {
      "version": "5.10.2",
      "resolved": "https://registry.npmjs.org/@fortawesome/fontawesome-free/-/fontawesome-free-5.10.2.tgz",
      "integrity": "sha1-J+AtoeNLUMmGkXnTZPtGYntSETA=",
      "dev": true
    },
    "@sphinxxxx/color-conversion": {
      "version": "2.2.2",
      "resolved": "https://registry.npmjs.org/@sphinxxxx/color-conversion/-/color-conversion-2.2.2.tgz",
      "integrity": "sha512-XExJS3cLqgrmNBIP3bBw6+1oQ1ksGjFh0+oClDKFYpCCqx/hlqwWO5KO/S63fzUo67SxI9dMrF0y5T/Ey7h8Zw=="
    },
    "ajv": {
      "version": "6.10.2",
      "resolved": "https://registry.npmjs.org/ajv/-/ajv-6.10.2.tgz",
      "integrity": "sha512-TXtUUEYHuaTEbLZWIKUr5pmBuhDLy+8KYtPYdcV8qC+pOZL+NKqYwvWSRrVXHn+ZmRRAu8vJTAznH7Oag6RVRw==",
      "requires": {
        "fast-deep-equal": "^2.0.1",
        "fast-json-stable-stringify": "^2.0.0",
        "json-schema-traverse": "^0.4.1",
        "uri-js": "^4.2.2"
      }
    },
    "bootstrap-css-only": {
      "version": "4.3.1",
      "resolved": "https://registry.npmjs.org/bootstrap-css-only/-/bootstrap-css-only-4.3.1.tgz",
      "integrity": "sha512-xPQNmTR6skX7boM3Q/K2vWDL8RFhfHm5PbTcn/vd7nZtkzg9tc6ScNreIIsMaP9QLUxeqvUx+OGnDaiK4KBRiQ=="
    },
    "brace": {
      "version": "0.11.1",
      "resolved": "https://registry.npmjs.org/brace/-/brace-0.11.1.tgz",
      "integrity": "sha1-SJb8ydVE7vRfS7dmDbMg07N5/lg="
    },
    "codemirror": {
      "version": "5.49.0",
      "resolved": "https://registry.npmjs.org/codemirror/-/codemirror-5.49.0.tgz",
      "integrity": "sha512-Hyzr0HToBdZpLBN9dYFO/KlJAsKH37/cXVHPAqa+imml0R92tb9AkmsvjnXL+SluEvjjdfkDgRjc65NG5jnMYA=="
    },
    "codemirror-spell-checker": {
      "version": "1.1.2",
      "resolved": "https://registry.npmjs.org/codemirror-spell-checker/-/codemirror-spell-checker-1.1.2.tgz",
      "integrity": "sha1-HGYPkIlIPMtRE7m6nKGcP0mTNx4=",
      "requires": {
        "typo-js": "*"
      }
    },
    "fast-deep-equal": {
      "version": "2.0.1",
      "resolved": "https://registry.npmjs.org/fast-deep-equal/-/fast-deep-equal-2.0.1.tgz",
      "integrity": "sha1-ewUhjd+WZ79/Nwv3/bLLFf3Qqkk="
    },
    "fast-json-stable-stringify": {
      "version": "2.0.0",
      "resolved": "https://registry.npmjs.org/fast-json-stable-stringify/-/fast-json-stable-stringify-2.0.0.tgz",
      "integrity": "sha1-1RQsDK7msRifh9OnYREGT4bIu/I="
    },
    "html5sortable": {
      "version": "0.9.16",
      "resolved": "https://registry.npmjs.org/html5sortable/-/html5sortable-0.9.16.tgz",
      "integrity": "sha512-GjCFl7w+Z6bQNs6lU5fhPqLoC5aRbFbQtL9rgqGR3Fs0GCRCrGjoRusZkhWaQpMr4eN25BlkviYA2nH+hFnDoA=="
    },
    "javascript-natural-sort": {
      "version": "0.7.1",
      "resolved": "https://registry.npmjs.org/javascript-natural-sort/-/javascript-natural-sort-0.7.1.tgz",
      "integrity": "sha1-+eIwPUUH9tdDVac2ZNFED7Wg71k="
    },
    "jmespath": {
      "version": "0.15.0",
      "resolved": "https://registry.npmjs.org/jmespath/-/jmespath-0.15.0.tgz",
      "integrity": "sha1-o/Iiqarp+Wb10nx5ZRDigJF2Qhc="
    },
    "json-schema-traverse": {
      "version": "0.4.1",
      "resolved": "https://registry.npmjs.org/json-schema-traverse/-/json-schema-traverse-0.4.1.tgz",
      "integrity": "sha512-xbbCH5dCYU5T8LcEhhuh7HJ88HXuW3qsI3Y0zOZFKfZEHcpWiHU/Jxzk629Brsab/mMiHQti9wMP+845RPe3Vg=="
    },
    "json-source-map": {
      "version": "0.6.1",
      "resolved": "https://registry.npmjs.org/json-source-map/-/json-source-map-0.6.1.tgz",
      "integrity": "sha512-1QoztHPsMQqhDq0hlXY5ZqcEdUzxQEIxgFkKl4WUp2pgShObl+9ovi4kRh2TfvAfxAoHOJ9vIMEqk3k4iex7tg=="
    },
    "jsoneditor": {
      "version": "7.0.5",
      "resolved": "https://registry.npmjs.org/jsoneditor/-/jsoneditor-7.0.5.tgz",
      "integrity": "sha512-r0rCi15++vMV83VLe92t8LNbAsA+5CF3DvbcQvdHNBeZSF2YJI5Nza4tHWJ12s30y4+tlMLqEldObkBz7R4ytQ==",
      "requires": {
        "ajv": "6.10.2",
        "brace": "0.11.1",
        "javascript-natural-sort": "0.7.1",
        "jmespath": "0.15.0",
        "json-source-map": "0.6.1",
        "mobius1-selectr": "2.4.13",
        "picomodal": "3.0.0",
        "vanilla-picker": "2.10.0"
      }
    },
    "marked": {
      "version": "0.7.0",
      "resolved": "https://registry.npmjs.org/marked/-/marked-0.7.0.tgz",
      "integrity": "sha512-c+yYdCZJQrsRjTPhUx7VKkApw9bwDkNbHUKo1ovgcfDjb2kc8rLuRbIFyXL5WOEUwzSSKo3IXpph2K6DqB/KZg=="
    },
    "mobius1-selectr": {
      "version": "2.4.13",
      "resolved": "https://registry.npmjs.org/mobius1-selectr/-/mobius1-selectr-2.4.13.tgz",
      "integrity": "sha512-Mk9qDrvU44UUL0EBhbAA1phfQZ7aMZPjwtL7wkpiBzGh8dETGqfsh50mWoX9EkjDlkONlErWXArHCKfoxVg0Bw=="
    },
    "mustache": {
      "version": "3.1.0",
      "resolved": "https://registry.npmjs.org/mustache/-/mustache-3.1.0.tgz",
      "integrity": "sha512-3Bxq1R5LBZp7fbFPZzFe5WN4s0q3+gxZaZuZVY+QctYJiCiVgXHOTIC0/HgZuOPFt/6BQcx5u0H2CUOxT/RoGQ=="
    },
    "picomodal": {
      "version": "3.0.0",
      "resolved": "https://registry.npmjs.org/picomodal/-/picomodal-3.0.0.tgz",
      "integrity": "sha1-+s0w9PvzSoCcHgTqUl8ATzmcC4I="
    },
    "punycode": {
      "version": "2.1.1",
      "resolved": "https://registry.npmjs.org/punycode/-/punycode-2.1.1.tgz",
      "integrity": "sha512-XRsRjdf+j5ml+y/6GKHPZbrF/8p2Yga0JPtdqTIY2Xe5ohJPD9saDJJLPvp9+NSBprVvevdXZybnj2cv8OEd0A=="
    },
    "simplemde": {
      "version": "1.11.2",
      "resolved": "https://registry.npmjs.org/simplemde/-/simplemde-1.11.2.tgz",
      "integrity": "sha1-ojo12XjSxA7wfewAjJLwcNjggOM=",
      "requires": {
        "codemirror": "*",
        "codemirror-spell-checker": "*",
        "marked": "*"
      }
    },
    "typo-js": {
      "version": "1.0.3",
      "resolved": "https://registry.npmjs.org/typo-js/-/typo-js-1.0.3.tgz",
      "integrity": "sha1-VNjrx5SfGngQkItgAsaEFSbJnVo="
    },
    "uri-js": {
      "version": "4.2.2",
      "resolved": "https://registry.npmjs.org/uri-js/-/uri-js-4.2.2.tgz",
      "integrity": "sha512-KY9Frmirql91X2Qgjry0Wd4Y+YTdrdZheS8TFwvkbLWf/G5KNJDCh6pKL5OZctEW4+0Baa5idK2ZQuELRwPznQ==",
      "requires": {
        "punycode": "^2.1.0"
      }
    },
    "vanilla-picker": {
      "version": "2.10.0",
      "resolved": "https://registry.npmjs.org/vanilla-picker/-/vanilla-picker-2.10.0.tgz",
      "integrity": "sha512-s1K+oa/JrT5blJFbLLw1O+PMncJM1qCF8DVXKNPaTVxXgTteSCjSr4rvf8TpcqEcQQ+S4RV/nvPBZanrlJE82w==",
      "requires": {
        "@sphinxxxx/color-conversion": "^2.2.2"
      }
    },
    "xterm": {
      "version": "3.14.5",
      "resolved": "https://registry.npmjs.org/xterm/-/xterm-3.14.5.tgz",
      "integrity": "sha1-ydFOSL5oc6pG+0KfIvIWVVf9Leo="
    }
  }
}
